
Microsoft Visual Studio Solution File, Format Version 12.00
# Visual Studio 15
Project("{FAE04EC0-301F-11D3-BF4B-00C04F79EFBC}") = "Assembly-CSharp", "Assembly-CSharp.csproj", "{DB5B1E21-7C89-391C-0F3D-54B35C18C6FE}"
EndProject
Project("{FAE04EC0-301F-11D3-BF4B-00C04F79EFBC}") = "Assembly-CSharp-Editor", "Assembly-CSharp-Editor.csproj", "{49CABB80-C36D-55BA-E87A-73D8BB1F26E7}"
EndProject
Global
	GlobalSection(SolutionConfigurationPlatforms) = preSolution
		Debug|Any CPU = Debug|Any CPU
		Release|Any CPU = Release|Any CPU
	EndGlobalSection
	GlobalSection(ProjectConfigurationPlatforms) = postSolution
		{DB5B1E21-7C89-391C-0F3D-54B35C18C6FE}.Debug|Any CPU.ActiveCfg = Debug|Any CPU
		{DB5B1E21-7C89-391C-0F3D-54B35C18C6FE}.Debug|Any CPU.Build.0 = Debug|Any CPU
		{DB5B1E21-7C89-391C-0F3D-54B35C18C6FE}.Release|Any CPU.ActiveCfg = Release|Any CPU
		{DB5B1E21-7C89-391C-0F3D-54B35C18C6FE}.Release|Any CPU.Build.0 = Release|Any CPU
		{49CABB80-C36D-55BA-E87A-73D8BB1F26E7}.Debug|Any CPU.ActiveCfg = Debug|Any CPU
		{49CABB80-C36D-55BA-E87A-73D8BB1F26E7}.Debug|Any CPU.Build.0 = Debug|Any CPU
		{49CABB80-C36D-55BA-E87A-73D8BB1F26E7}.Release|Any CPU.ActiveCfg = Release|Any CPU
		{49CABB80-C36D-55BA-E87A-73D8BB1F26E7}.Release|Any CPU.Build.0 = Release|Any CPU
	EndGlobalSection
	GlobalSection(SolutionProperties) = preSolution
		HideSolutionNode = FALSE
	EndGlobalSection
EndGlobal
